
Microsoft Visual Studio Solution File, Format Version 12.00
# Visual Studio Version 17
VisualStudioVersion = 17.3.32901.215
MinimumVisualStudioVersion = 10.0.40219.1
Project("{FAE04EC0-301F-11D3-BF4B-00C04F79EFBC}") = "Practical2", "Practical2\Practical2.csproj", "{FA3E65EF-9989-41C0-ACC6-B038F2A40860}"
EndProject
Global
	GlobalSection(SolutionConfigurationPlatforms) = preSolution
		Debug|Any CPU = Debug|Any CPU
		Release|Any CPU = Release|Any CPU
	EndGlobalSection
	GlobalSection(ProjectConfigurationPlatforms) = postSolution
		{FA3E65EF-9989-41C0-ACC6-B038F2A40860}.Debug|Any CPU.ActiveCfg = Debug|Any CPU
		{FA3E65EF-9989-41C0-ACC6-B038F2A40860}.Debug|Any CPU.Build.0 = Debug|Any CPU
		{FA3E65EF-9989-41C0-ACC6-B038F2A40860}.Release|Any CPU.ActiveCfg = Release|Any CPU
		{FA3E65EF-9989-41C0-ACC6-B038F2A40860}.Release|Any CPU.Build.0 = Release|Any CPU
	EndGlobalSection
	GlobalSection(SolutionProperties) = preSolution
		HideSolutionNode = FALSE
	EndGlobalSection
	GlobalSection(ExtensibilityGlobals) = postSolution
		SolutionGuid = {99E9AFE9-1745-4693-8590-679C4B907C04}
	EndGlobalSection
EndGlobal
