
Microsoft Visual Studio Solution File, Format Version 12.00
# Visual Studio Version 17
VisualStudioVersion = 17.3.32922.545
MinimumVisualStudioVersion = 10.0.40219.1
Project("{FAE04EC0-301F-11D3-BF4B-00C04F79EFBC}") = "Pianino", "Pianino\Pianino.csproj", "{5CA168F7-0CEA-43D7-B589-F7B27124ACBF}"
EndProject
Global
	GlobalSection(SolutionConfigurationPlatforms) = preSolution
		Debug|Any CPU = Debug|Any CPU
		Release|Any CPU = Release|Any CPU
	EndGlobalSection
	GlobalSection(ProjectConfigurationPlatforms) = postSolution
		{5CA168F7-0CEA-43D7-B589-F7B27124ACBF}.Debug|Any CPU.ActiveCfg = Debug|Any CPU
		{5CA168F7-0CEA-43D7-B589-F7B27124ACBF}.Debug|Any CPU.Build.0 = Debug|Any CPU
		{5CA168F7-0CEA-43D7-B589-F7B27124ACBF}.Release|Any CPU.ActiveCfg = Release|Any CPU
		{5CA168F7-0CEA-43D7-B589-F7B27124ACBF}.Release|Any CPU.Build.0 = Release|Any CPU
	EndGlobalSection
	GlobalSection(SolutionProperties) = preSolution
		HideSolutionNode = FALSE
	EndGlobalSection
	GlobalSection(ExtensibilityGlobals) = postSolution
		SolutionGuid = {90245A24-CD07-49BB-92C0-80E9D193E0FD}
	EndGlobalSection
EndGlobal
